// !$*UTF8*$!
{
	archiveVersion = 1;
	classes = {
	};
	objectVersion = 50;
	objects = {

/* Begin PBXBuildFile section */
		32CA06C623F9EE1800FA6665 /* AppDelegate.swift in Sources */ = {isa = PBXBuildFile; fileRef = 32CA06C523F9EE1800FA6665 /* AppDelegate.swift */; };
		32CA06C823F9EE1800FA6665 /* SceneDelegate.swift in Sources */ = {isa = PBXBuildFile; fileRef = 32CA06C723F9EE1800FA6665 /* SceneDelegate.swift */; };
		32CA06CA23F9EE1800FA6665 /* ViewController.swift in Sources */ = {isa = PBXBuildFile; fileRef = 32CA06C923F9EE1800FA6665 /* ViewController.swift */; };
		32CA06CD23F9EE1800FA6665 /* Main.storyboard in Resources */ = {isa = PBXBuildFile; fileRef = 32CA06CB23F9EE1800FA6665 /* Main.storyboard */; };
		32CA06CF23F9EE1900FA6665 /* Assets.xcassets in Resources */ = {isa = PBXBuildFile; fileRef = 32CA06CE23F9EE1900FA6665 /* Assets.xcassets */; };
		32CA06D223F9EE1900FA6665 /* LaunchScreen.storyboard in Resources */ = {isa = PBXBuildFile; fileRef = 32CA06D023F9EE1900FA6665 /* LaunchScreen.storyboard */; };
		32CA06DD23F9EE1900FA6665 /* FlashCardTests.swift in Sources */ = {isa = PBXBuildFile; fileRef = 32CA06DC23F9EE1900FA6665 /* FlashCardTests.swift */; };
		32CA06E823F9EE1900FA6665 /* FlashCardUITests.swift in Sources */ = {isa = PBXBuildFile; fileRef = 32CA06E723F9EE1900FA6665 /* FlashCardUITests.swift */; };
		32D439FA240B0D3E00C1C637 /* CreationViewController.swift in Sources */ = {isa = PBXBuildFile; fileRef = 32D439F9240B0D3E00C1C637 /* CreationViewController.swift */; };
/* End PBXBuildFile section */

/* Begin PBXContainerItemProxy section */
		32CA06D923F9EE1900FA6665 /* PBXContainerItemProxy */ = {
			isa = PBXContainerItemProxy;
			containerPortal = 32CA06BA23F9EE1700FA6665 /* Project object */;
			proxyType = 1;
			remoteGlobalIDString = 32CA06C123F9EE1800FA6665;
			remoteInfo = FlashCard;
		};
		32CA06E423F9EE1900FA6665 /* PBXContainerItemProxy */ = {
			isa = PBXContainerItemProxy;
			containerPortal = 32CA06BA23F9EE1700FA6665 /* Project object */;
			proxyType = 1;
			remoteGlobalIDString = 32CA06C123F9EE1800FA6665;
			remoteInfo = FlashCard;
		};
/* End PBXContainerItemProxy section */

/* Begin PBXFileReference section */
		32CA06C223F9EE1800FA6665 /* FlashCard.app */ = {isa = PBXFileReference; explicitFileType = wrapper.application; includeInIndex = 0; path = FlashCard.app; sourceTree = BUILT_PRODUCTS_DIR; };
		32CA06C523F9EE1800FA6665 /* AppDelegate.swift */ = {isa = PBXFileReference; lastKnownFileType = sourcecode.swift; path = AppDelegate.swift; sourceTree = "<group>"; };
		32CA06C723F9EE1800FA6665 /* SceneDelegate.swift */ = {isa = PBXFileReference; lastKnownFileType = sourcecode.swift; path = SceneDelegate.swift; sourceTree = "<group>"; };
		32CA06C923F9EE1800FA6665 /* ViewController.swift */ = {isa = PBXFileReference; lastKnownFileType = sourcecode.swift; path = ViewController.swift; sourceTree = "<group>"; };
		32CA06CC23F9EE1800FA6665 /* Base */ = {isa = PBXFileReference; lastKnownFileType = file.storyboard; name = Base; path = Base.lproj/Main.storyboard; sourceTree = "<group>"; };
		32CA06CE23F9EE1900FA6665 /* Assets.xcassets */ = {isa = PBXFileReference; lastKnownFileType = folder.assetcatalog; path = Assets.xcassets; sourceTree = "<group>"; };
		32CA06D123F9EE1900FA6665 /* Base */ = {isa = PBXFileReference; lastKnownFileType = file.storyboard; name = Base; path = Base.lproj/LaunchScreen.storyboard; sourceTree = "<group>"; };
		32CA06D323F9EE1900FA6665 /* Info.plist */ = {isa = PBXFileReference; lastKnownFileType = text.plist.xml; path = Info.plist; sourceTree = "<group>"; };
		32CA06D823F9EE1900FA6665 /* FlashCardTests.xctest */ = {isa = PBXFileReference; explicitFileType = wrapper.cfbundle; includeInIndex = 0; path = FlashCardTests.xctest; sourceTree = BUILT_PRODUCTS_DIR; };
		32CA06DC23F9EE1900FA6665 /* FlashCardTests.swift */ = {isa = PBXFileReference; lastKnownFileType = sourcecode.swift; path = FlashCardTests.swift; sourceTree = "<group>"; };
		32CA06DE23F9EE1900FA6665 /* Info.plist */ = {isa = PBXFileReference; lastKnownFileType = text.plist.xml; path = Info.plist; sourceTree = "<group>"; };
		32CA06E323F9EE1900FA6665 /* FlashCardUITests.xctest */ = {isa = PBXFileReference; explicitFileType = wrapper.cfbundle; includeInIndex = 0; path = FlashCardUITests.xctest; sourceTree = BUILT_PRODUCTS_DIR; };
		32CA06E723F9EE1900FA6665 /* FlashCardUITests.swift */ = {isa = PBXFileReference; lastKnownFileType = sourcecode.swift; path = FlashCardUITests.swift; sourceTree = "<group>"; };
		32CA06E923F9EE1900FA6665 /* Info.plist */ = {isa = PBXFileReference; lastKnownFileType = text.plist.xml; path = Info.plist; sourceTree = "<group>"; };
		32D439F9240B0D3E00C1C637 /* CreationViewController.swift */ = {isa = PBXFileReference; lastKnownFileType = sourcecode.swift; path = CreationViewController.swift; sourceTree = "<group>"; };
/* End PBXFileReference section */

/* Begin PBXFrameworksBuildPhase section */
		32CA06BF23F9EE1800FA6665 /* Frameworks */ = {
			isa = PBXFrameworksBuildPhase;
			buildActionMask = 2147483647;
			files = (
			);
			runOnlyForDeploymentPostprocessing = 0;
		};
		32CA06D523F9EE1900FA6665 /* Frameworks */ = {
			isa = PBXFrameworksBuildPhase;
			buildActionMask = 2147483647;
			files = (
			);
			runOnlyForDeploymentPostprocessing = 0;
		};
		32CA06E023F9EE1900FA6665 /* Frameworks */ = {
			isa = PBXFrameworksBuildPhase;
			buildActionMask = 2147483647;
			files = (
			);
			runOnlyForDeploymentPostprocessing = 0;
		};
/* End PBXFrameworksBuildPhase section */

/* Begin PBXGroup section */
		32CA06B923F9EE1700FA6665 = {
			isa = PBXGroup;
			children = (
				32CA06C423F9EE1800FA6665 /* FlashCard */,
				32CA06DB23F9EE1900FA6665 /* FlashCardTests */,
				32CA06E623F9EE1900FA6665 /* FlashCardUITests */,
				32CA06C323F9EE1800FA6665 /* Products */,
			);
			sourceTree = "<group>";
		};
		32CA06C323F9EE1800FA6665 /* Products */ = {
			isa = PBXGroup;
			children = (
				32CA06C223F9EE1800FA6665 /* FlashCard.app */,
				32CA06D823F9EE1900FA6665 /* FlashCardTests.xctest */,
				32CA06E323F9EE1900FA6665 /* FlashCardUITests.xctest */,
			);
			name = Products;
			sourceTree = "<group>";
		};
		32CA06C423F9EE1800FA6665 /* FlashCard */ = {
			isa = PBXGroup;
			children = (
				32CA06C523F9EE1800FA6665 /* AppDelegate.swift */,
				32CA06C723F9EE1800FA6665 /* SceneDelegate.swift */,
				32CA06C923F9EE1800FA6665 /* ViewController.swift */,
				32D439F9240B0D3E00C1C637 /* CreationViewController.swift */,
				32CA06CB23F9EE1800FA6665 /* Main.storyboard */,
				32CA06CE23F9EE1900FA6665 /* Assets.xcassets */,
				32CA06D023F9EE1900FA6665 /* LaunchScreen.storyboard */,
				32CA06D323F9EE1900FA6665 /* Info.plist */,
			);
			path = FlashCard;
			sourceTree = "<group>";
		};
		32CA06DB23F9EE1900FA6665 /* FlashCardTests */ = {
			isa = PBXGroup;
			children = (
				32CA06DC23F9EE1900FA6665 /* FlashCardTests.swift */,
				32CA06DE23F9EE1900FA6665 /* Info.plist */,
			);
			path = FlashCardTests;
			sourceTree = "<group>";
		};
		32CA06E623F9EE1900FA6665 /* FlashCardUITests */ = {
			isa = PBXGroup;
			children = (
				32CA06E723F9EE1900FA6665 /* FlashCardUITests.swift */,
				32CA06E923F9EE1900FA6665 /* Info.plist */,
			);
			path = FlashCardUITests;
			sourceTree = "<group>";
		};
/* End PBXGroup section */

/* Begin PBXNativeTarget section */
		32CA06C123F9EE1800FA6665 /* FlashCard */ = {
			isa = PBXNativeTarget;
			buildConfigurationList = 32CA06EC23F9EE1900FA6665 /* Build configuration list for PBXNativeTarget "FlashCard" */;
			buildPhases = (
				32CA06BE23F9EE1800FA6665 /* Sources */,
				32CA06BF23F9EE1800FA6665 /* Frameworks */,
				32CA06C023F9EE1800FA6665 /* Resources */,
			);
			buildRules = (
			);
			dependencies = (
			);
			name = FlashCard;
			productName = FlashCard;
			productReference = 32CA06C223F9EE1800FA6665 /* FlashCard.app */;
			productType = "com.apple.product-type.application";
		};
		32CA06D723F9EE1900FA6665 /* FlashCardTests */ = {
			isa = PBXNativeTarget;
			buildConfigurationList = 32CA06EF23F9EE1900FA6665 /* Build configuration list for PBXNativeTarget "FlashCardTests" */;
			buildPhases = (
				32CA06D423F9EE1900FA6665 /* Sources */,
				32CA06D523F9EE1900FA6665 /* Frameworks */,
				32CA06D623F9EE1900FA6665 /* Resources */,
			);
			buildRules = (
			);
			dependencies = (
				32CA06DA23F9EE1900FA6665 /* PBXTargetDependency */,
			);
			name = FlashCardTests;
			productName = FlashCardTests;
			productReference = 32CA06D823F9EE1900FA6665 /* FlashCardTests.xctest */;
			productType = "com.apple.product-type.bundle.unit-test";
		};
		32CA06E223F9EE1900FA6665 /* FlashCardUITests */ = {
			isa = PBXNativeTarget;
			buildConfigurationList = 32CA06F223F9EE1900FA6665 /* Build configuration list for PBXNativeTarget "FlashCardUITests" */;
			buildPhases = (
				32CA06DF23F9EE1900FA6665 /* Sources */,
				32CA06E023F9EE1900FA6665 /* Frameworks */,
				32CA06E123F9EE1900FA6665 /* Resources */,
			);
			buildRules = (
			);
			dependencies = (
				32CA06E523F9EE1900FA6665 /* PBXTargetDependency */,
			);
			name = FlashCardUITests;
			productName = FlashCardUITests;
			productReference = 32CA06E323F9EE1900FA6665 /* FlashCardUITests.xctest */;
			productType = "com.apple.product-type.bundle.ui-testing";
		};
/* End PBXNativeTarget section */

/* Begin PBXProject section */
		32CA06BA23F9EE1700FA6665 /* Project object */ = {
			isa = PBXProject;
			attributes = {
				LastSwiftUpdateCheck = 1130;
				LastUpgradeCheck = 1130;
				ORGANIZATIONNAME = "Timothy Nkata";
				TargetAttributes = {
					32CA06C123F9EE1800FA6665 = {
						CreatedOnToolsVersion = 11.3.1;
					};
					32CA06D723F9EE1900FA6665 = {
						CreatedOnToolsVersion = 11.3.1;
						TestTargetID = 32CA06C123F9EE1800FA6665;
					};
					32CA06E223F9EE1900FA6665 = {
						CreatedOnToolsVersion = 11.3.1;
						TestTargetID = 32CA06C123F9EE1800FA6665;
					};
				};
			};
			buildConfigurationList = 32CA06BD23F9EE1700FA6665 /* Build configuration list for PBXProject "FlashCard" */;
			compatibilityVersion = "Xcode 9.3";
			developmentRegion = en;
			hasScannedForEncodings = 0;
			knownRegions = (
				en,
				Base,
			);
			mainGroup = 32CA06B923F9EE1700FA6665;
			productRefGroup = 32CA06C323F9EE1800FA6665 /* Products */;
			projectDirPath = "";
			projectRoot = "";
			targets = (
				32CA06C123F9EE1800FA6665 /* FlashCard */,
				32CA06D723F9EE1900FA6665 /* FlashCardTests */,
				32CA06E223F9EE1900FA6665 /* FlashCardUITests */,
			);
		};
/* End PBXProject section */

/* Begin PBXResourcesBuildPhase section */
		32CA06C023F9EE1800FA6665 /* Resources */ = {
			isa = PBXResourcesBuildPhase;
			buildActionMask = 2147483647;
			files = (
				32CA06D223F9EE1900FA6665 /* LaunchScreen.storyboard in Resources */,
				32CA06CF23F9EE1900FA6665 /* Assets.xcassets in Resources */,
				32CA06CD23F9EE1800FA6665 /* Main.storyboard in Resources */,
			);
			runOnlyForDeploymentPostprocessing = 0;
		};
		32CA06D623F9EE1900FA6665 /* Resources */ = {
			isa = PBXResourcesBuildPhase;
			buildActionMask = 2147483647;
			files = (
			);
			runOnlyForDeploymentPostprocessing = 0;
		};
		32CA06E123F9EE1900FA6665 /* Resources */ = {
			isa = PBXResourcesBuildPhase;
			buildActionMask = 2147483647;
			files = (
			);
			runOnlyForDeploymentPostprocessing = 0;
		};
/* End PBXResourcesBuildPhase section */

/* Begin PBXSourcesBuildPhase section */
		32CA06BE23F9EE1800FA6665 /* Sources */ = {
			isa = PBXSourcesBuildPhase;
			buildActionMask = 2147483647;
			files = (
				32CA06CA23F9EE1800FA6665 /* ViewController.swift in Sources */,
				32CA06C623F9EE1800FA6665 /* AppDelegate.swift in Sources */,
				32CA06C823F9EE1800FA6665 /* SceneDelegate.swift in Sources */,
				32D439FA240B0D3E00C1C637 /* CreationViewController.swift in Sources */,
			);
			runOnlyForDeploymentPostprocessing = 0;
		};
		32CA06D423F9EE1900FA6665 /* Sources */ = {
			isa = PBXSourcesBuildPhase;
			buildActionMask = 2147483647;
			files = (
				32CA06DD23F9EE1900FA6665 /* FlashCardTests.swift in Sources */,
			);
			runOnlyForDeploymentPostprocessing = 0;
		};
		32CA06DF23F9EE1900FA6665 /* Sources */ = {
			isa = PBXSourcesBuildPhase;
			buildActionMask = 2147483647;
			files = (
				32CA06E823F9EE1900FA6665 /* FlashCardUITests.swift in Sources */,
			);
			runOnlyForDeploymentPostprocessing = 0;
		};
/* End PBXSourcesBuildPhase section */

/* Begin PBXTargetDependency section */
		32CA06DA23F9EE1900FA6665 /* PBXTargetDependency */ = {
			isa = PBXTargetDependency;
			target = 32CA06C123F9EE1800FA6665 /* FlashCard */;
			targetProxy = 32CA06D923F9EE1900FA6665 /* PBXContainerItemProxy */;
		};
		32CA06E523F9EE1900FA6665 /* PBXTargetDependency */ = {
			isa = PBXTargetDependency;
			target = 32CA06C123F9EE1800FA6665 /* FlashCard */;
			targetProxy = 32CA06E423F9EE1900FA6665 /* PBXContainerItemProxy */;
		};
/* End PBXTargetDependency section */

/* Begin PBXVariantGroup section */
		32CA06CB23F9EE1800FA6665 /* Main.storyboard */ = {
			isa = PBXVariantGroup;
			children = (
				32CA06CC23F9EE1800FA6665 /* Base */,
			);
			name = Main.storyboard;
			sourceTree = "<group>";
		};
		32CA06D023F9EE1900FA6665 /* LaunchScreen.storyboard */ = {
			isa = PBXVariantGroup;
			children = (
				32CA06D123F9EE1900FA6665 /* Base */,
			);
			name = LaunchScreen.storyboard;
			sourceTree = "<group>";
		};
/* End PBXVariantGroup section */

/* Begin XCBuildConfiguration section */
		32CA06EA23F9EE1900FA6665 /* Debug */ = {
			isa = XCBuildConfiguration;
			buildSettings = {
				ALWAYS_SEARCH_USER_PATHS = NO;
				CLANG_ANALYZER_NONNULL = YES;
				CLANG_ANALYZER_NUMBER_OBJECT_CONVERSION = YES_AGGRESSIVE;
				CLANG_CXX_LANGUAGE_STANDARD = "gnu++14";
				CLANG_CXX_LIBRARY = "libc++";
				CLANG_ENABLE_MODULES = YES;
				CLANG_ENABLE_OBJC_ARC = YES;
				CLANG_ENABLE_OBJC_WEAK = YES;
				CLANG_WARN_BLOCK_CAPTURE_AUTORELEASING = YES;
				CLANG_WARN_BOOL_CONVERSION = YES;
				CLANG_WARN_COMMA = YES;
				CLANG_WARN_CONSTANT_CONVERSION = YES;
				CLANG_WARN_DEPRECATED_OBJC_IMPLEMENTATIONS = YES;
				CLANG_WARN_DIRECT_OBJC_ISA_USAGE = YES_ERROR;
				CLANG_WARN_DOCUMENTATION_COMMENTS = YES;
				CLANG_WARN_EMPTY_BODY = YES;
				CLANG_WARN_ENUM_CONVERSION = YES;
				CLANG_WARN_INFINITE_RECURSION = YES;
				CLANG_WARN_INT_CONVERSION = YES;
				CLANG_WARN_NON_LITERAL_NULL_CONVERSION = YES;
				CLANG_WARN_OBJC_IMPLICIT_RETAIN_SELF = YES;
				CLANG_WARN_OBJC_LITERAL_CONVERSION = YES;
				CLANG_WARN_OBJC_ROOT_CLASS = YES_ERROR;
				CLANG_WARN_RANGE_LOOP_ANALYSIS = YES;
				CLANG_WARN_STRICT_PROTOTYPES = YES;
				CLANG_WARN_SUSPICIOUS_MOVE = YES;
				CLANG_WARN_UNGUARDED_AVAILABILITY = YES_AGGRESSIVE;
				CLANG_WARN_UNREACHABLE_CODE = YES;
				CLANG_WARN__DUPLICATE_METHOD_MATCH = YES;
				COPY_PHASE_STRIP = NO;
				DEBUG_INFORMATION_FORMAT = dwarf;
				ENABLE_STRICT_OBJC_MSGSEND = YES;
				ENABLE_TESTABILITY = YES;
				GCC_C_LANGUAGE_STANDARD = gnu11;
				GCC_DYNAMIC_NO_PIC = NO;
				GCC_NO_COMMON_BLOCKS = YES;
				GCC_OPTIMIZATION_LEVEL = 0;
				GCC_PREPROCESSOR_DEFINITIONS = (
					"DEBUG=1",
					"$(inherited)",
				);
				GCC_WARN_64_TO_32_BIT_CONVERSION = YES;
				GCC_WARN_ABOUT_RETURN_TYPE = YES_ERROR;
				GCC_WARN_UNDECLARED_SELECTOR = YES;
				GCC_WARN_UNINITIALIZED_AUTOS = YES_AGGRESSIVE;
				GCC_WARN_UNUSED_FUNCTION = YES;
				GCC_WARN_UNUSED_VARIABLE = YES;
				IPHONEOS_DEPLOYMENT_TARGET = 13.2;
				MTL_ENABLE_DEBUG_INFO = INCLUDE_SOURCE;
				MTL_FAST_MATH = YES;
				ONLY_ACTIVE_ARCH = YES;
				SDKROOT = iphoneos;
				SWIFT_ACTIVE_COMPILATION_CONDITIONS = DEBUG;
				SWIFT_OPTIMIZATION_LEVEL = "-Onone";
			};
			name = Debug;
		};
		32CA06EB23F9EE1900FA6665 /* Release */ = {
			isa = XCBuildConfiguration;
			buildSettings = {
				ALWAYS_SEARCH_USER_PATHS = NO;
				CLANG_ANALYZER_NONNULL = YES;
				CLANG_ANALYZER_NUMBER_OBJECT_CONVERSION = YES_AGGRESSIVE;
				CLANG_CXX_LANGUAGE_STANDARD = "gnu++14";
				CLANG_CXX_LIBRARY = "libc++";
				CLANG_ENABLE_MODULES = YES;
				CLANG_ENABLE_OBJC_ARC = YES;
				CLANG_ENABLE_OBJC_WEAK = YES;
				CLANG_WARN_BLOCK_CAPTURE_AUTORELEASING = YES;
				CLANG_WARN_BOOL_CONVERSION = YES;
				CLANG_WARN_COMMA = YES;
				CLANG_WARN_CONSTANT_CONVERSION = YES;
				CLANG_WARN_DEPRECATED_OBJC_IMPLEMENTATIONS = YES;
				CLANG_WARN_DIRECT_OBJC_ISA_USAGE = YES_ERROR;
				CLANG_WARN_DOCUMENTATION_COMMENTS = YES;
				CLANG_WARN_EMPTY_BODY = YES;
				CLANG_WARN_ENUM_CONVERSION = YES;
				CLANG_WARN_INFINITE_RECURSION = YES;
				CLANG_WARN_INT_CONVERSION = YES;
				CLANG_WARN_NON_LITERAL_NULL_CONVERSION = YES;
				CLANG_WARN_OBJC_IMPLICIT_RETAIN_SELF = YES;
				CLANG_WARN_OBJC_LITERAL_CONVERSION = YES;
				CLANG_WARN_OBJC_ROOT_CLASS = YES_ERROR;
				CLANG_WARN_RANGE_LOOP_ANALYSIS = YES;
				CLANG_WARN_STRICT_PROTOTYPES = YES;
				CLANG_WARN_SUSPICIOUS_MOVE = YES;
				CLANG_WARN_UNGUARDED_AVAILABILITY = YES_AGGRESSIVE;
				CLANG_WARN_UNREACHABLE_CODE = YES;
				CLANG_WARN__DUPLICATE_METHOD_MATCH = YES;
				COPY_PHASE_STRIP = NO;
				DEBUG_INFORMATION_FORMAT = "dwarf-with-dsym";
				ENABLE_NS_ASSERTIONS = NO;
				ENABLE_STRICT_OBJC_MSGSEND = YES;
				GCC_C_LANGUAGE_STANDARD = gnu11;
				GCC_NO_COMMON_BLOCKS = YES;
				GCC_WARN_64_TO_32_BIT_CONVERSION = YES;
				GCC_WARN_ABOUT_RETURN_TYPE = YES_ERROR;
				GCC_WARN_UNDECLARED_SELECTOR = YES;
				GCC_WARN_UNINITIALIZED_AUTOS = YES_AGGRESSIVE;
				GCC_WARN_UNUSED_FUNCTION = YES;
				GCC_WARN_UNUSED_VARIABLE = YES;
				IPHONEOS_DEPLOYMENT_TARGET = 13.2;
				MTL_ENABLE_DEBUG_INFO = NO;
				MTL_FAST_MATH = YES;
				SDKROOT = iphoneos;
				SWIFT_COMPILATION_MODE = wholemodule;
				SWIFT_OPTIMIZATION_LEVEL = "-O";
				VALIDATE_PRODUCT = YES;
			};
			name = Release;
		};
		32CA06ED23F9EE1900FA6665 /* Debug */ = {
			isa = XCBuildConfiguration;
			buildSettings = {
				ASSETCATALOG_COMPILER_APPICON_NAME = AppIcon;
				CODE_SIGN_STYLE = Automatic;
				DEVELOPMENT_TEAM = B6B4AAA2QW;
				INFOPLIST_FILE = FlashCard/Info.plist;
				LD_RUNPATH_SEARCH_PATHS = (
					"$(inherited)",
					"@executable_path/Frameworks",
				);
				PRODUCT_BUNDLE_IDENTIFIER = com.TimothyNkata.FlashCard;
				PRODUCT_NAME = "$(TARGET_NAME)";
				SWIFT_VERSION = 5.0;
				TARGETED_DEVICE_FAMILY = "1,2";
			};
			name = Debug;
		};
		32CA06EE23F9EE1900FA6665 /* Release */ = {
			isa = XCBuildConfiguration;
			buildSettings = {
				ASSETCATALOG_COMPILER_APPICON_NAME = AppIcon;
				CODE_SIGN_STYLE = Automatic;
				DEVELOPMENT_TEAM = B6B4AAA2QW;
				INFOPLIST_FILE = FlashCard/Info.plist;
				LD_RUNPATH_SEARCH_PATHS = (
					"$(inherited)",
					"@executable_path/Frameworks",
				);
				PRODUCT_BUNDLE_IDENTIFIER = com.TimothyNkata.FlashCard;
				PRODUCT_NAME = "$(TARGET_NAME)";
				SWIFT_VERSION = 5.0;
				TARGETED_DEVICE_FAMILY = "1,2";
			};
			name = Release;
		};
		32CA06F023F9EE1900FA6665 /* Debug */ = {
			isa = XCBuildConfiguration;
			buildSettings = {
				ALWAYS_EMBED_SWIFT_STANDARD_LIBRARIES = YES;
				BUNDLE_LOADER = "$(TEST_HOST)";
				CODE_SIGN_STYLE = Automatic;
				DEVELOPMENT_TEAM = B6B4AAA2QW;
				INFOPLIST_FILE = FlashCardTests/Info.plist;
				IPHONEOS_DEPLOYMENT_TARGET = 13.2;
				LD_RUNPATH_SEARCH_PATHS = (
					"$(inherited)",
					"@executable_path/Frameworks",
					"@loader_path/Frameworks",
				);
				PRODUCT_BUNDLE_IDENTIFIER = com.TimothyNkata.FlashCardTests;
				PRODUCT_NAME = "$(TARGET_NAME)";
				SWIFT_VERSION = 5.0;
				TARGETED_DEVICE_FAMILY = "1,2";
				TEST_HOST = "$(BUILT_PRODUCTS_DIR)/FlashCard.app/FlashCard";
			};
			name = Debug;
		};
		32CA06F123F9EE1900FA6665 /* Release */ = {
			isa = XCBuildConfiguration;
			buildSettings = {
				ALWAYS_EMBED_SWIFT_STANDARD_LIBRARIES = YES;
				BUNDLE_LOADER = "$(TEST_HOST)";
				CODE_SIGN_STYLE = Automatic;
				DEVELOPMENT_TEAM = B6B4AAA2QW;
				INFOPLIST_FILE = FlashCardTests/Info.plist;
				IPHONEOS_DEPLOYMENT_TARGET = 13.2;
				LD_RUNPATH_SEARCH_PATHS = (
					"$(inherited)",
					"@executable_path/Frameworks",
					"@loader_path/Frameworks",
				);
				PRODUCT_BUNDLE_IDENTIFIER = com.TimothyNkata.FlashCardTests;
				PRODUCT_NAME = "$(TARGET_NAME)";
				SWIFT_VERSION = 5.0;
				TARGETED_DEVICE_FAMILY = "1,2";
				TEST_HOST = "$(BUILT_PRODUCTS_DIR)/FlashCard.app/FlashCard";
			};
			name = Release;
		};
		32CA06F323F9EE1900FA6665 /* Debug */ = {
			isa = XCBuildConfiguration;
			buildSettings = {
				ALWAYS_EMBED_SWIFT_STANDARD_LIBRARIES = YES;
				CODE_SIGN_STYLE = Automatic;
				DEVELOPMENT_TEAM = B6B4AAA2QW;
				INFOPLIST_FILE = FlashCardUITests/Info.plist;
				LD_RUNPATH_SEARCH_PATHS = (
					"$(inherited)",
					"@executable_path/Frameworks",
					"@loader_path/Frameworks",
				);
				PRODUCT_BUNDLE_IDENTIFIER = com.TimothyNkata.FlashCardUITests;
				PRODUCT_NAME = "$(TARGET_NAME)";
				SWIFT_VERSION = 5.0;
				TARGETED_DEVICE_FAMILY = "1,2";
				TEST_TARGET_NAME = FlashCard;
			};
			name = Debug;
		};
		32CA06F423F9EE1900FA6665 /* Release */ = {
			isa = XCBuildConfiguration;
			buildSettings = {
				ALWAYS_EMBED_SWIFT_STANDARD_LIBRARIES = YES;
				CODE_SIGN_STYLE = Automatic;
				DEVELOPMENT_TEAM = B6B4AAA2QW;
				INFOPLIST_FILE = FlashCardUITests/Info.plist;
				LD_RUNPATH_SEARCH_PATHS = (
					"$(inherited)",
					"@executable_path/Frameworks",
					"@loader_path/Frameworks",
				);
				PRODUCT_BUNDLE_IDENTIFIER = com.TimothyNkata.FlashCardUITests;
				PRODUCT_NAME = "$(TARGET_NAME)";
				SWIFT_VERSION = 5.0;
				TARGETED_DEVICE_FAMILY = "1,2";
				TEST_TARGET_NAME = FlashCard;
			};
			name = Release;
		};
/* End XCBuildConfiguration section */

/* Begin XCConfigurationList section */
		32CA06BD23F9EE1700FA6665 /* Build configuration list for PBXProject "FlashCard" */ = {
			isa = XCConfigurationList;
			buildConfigurations = (
				32CA06EA23F9EE1900FA6665 /* Debug */,
				32CA06EB23F9EE1900FA6665 /* Release */,
			);
			defaultConfigurationIsVisible = 0;
			defaultConfigurationName = Release;
		};
		32CA06EC23F9EE1900FA6665 /* Build configuration list for PBXNativeTarget "FlashCard" */ = {
			isa = XCConfigurationList;
			buildConfigurations = (
				32CA06ED23F9EE1900FA6665 /* Debug */,
				32CA06EE23F9EE1900FA6665 /* Release */,
			);
			defaultConfigurationIsVisible = 0;
			defaultConfigurationName = Release;
		};
		32CA06EF23F9EE1900FA6665 /* Build configuration list for PBXNativeTarget "FlashCardTests" */ = {
			isa = XCConfigurationList;
			buildConfigurations = (
				32CA06F023F9EE1900FA6665 /* Debug */,
				32CA06F123F9EE1900FA6665 /* Release */,
			);
			defaultConfigurationIsVisible = 0;
			defaultConfigurationName = Release;
		};
		32CA06F223F9EE1900FA6665 /* Build configuration list for PBXNativeTarget "FlashCardUITests" */ = {
			isa = XCConfigurationList;
			buildConfigurations = (
				32CA06F323F9EE1900FA6665 /* Debug */,
				32CA06F423F9EE1900FA6665 /* Release */,
			);
			defaultConfigurationIsVisible = 0;
			defaultConfigurationName = Release;
		};
/* End XCConfigurationList section */
	};
	rootObject = 32CA06BA23F9EE1700FA6665 /* Project object */;
}
